
Microsoft Visual Studio Solution File, Format Version 12.00
# Visual Studio Version 17
VisualStudioVersion = 17.8.34408.163
MinimumVisualStudioVersion = 10.0.40219.1
Project("{9A19103F-16F7-4668-BE54-9A1E7A4F7556}") = "WorkingHours.Api", "WorkingHours.Api\WorkingHours.Api.csproj", "{7DF975AB-DAE2-49FA-8AFD-22BE5A550CA9}"
EndProject
Project("{FAE04EC0-301F-11D3-BF4B-00C04F79EFBC}") = "WorkingHours.IdentityServer", "WorkingHours.IdentityServer\WorkingHours.IdentityServer.csproj", "{B6081FC0-49CD-4739-A471-31D1DF51039F}"
EndProject
Global
	GlobalSection(SolutionConfigurationPlatforms) = preSolution
		Debug|Any CPU = Debug|Any CPU
		Release|Any CPU = Release|Any CPU
	EndGlobalSection
	GlobalSection(ProjectConfigurationPlatforms) = postSolution
		{7DF975AB-DAE2-49FA-8AFD-22BE5A550CA9}.Debug|Any CPU.ActiveCfg = Debug|Any CPU
		{7DF975AB-DAE2-49FA-8AFD-22BE5A550CA9}.Debug|Any CPU.Build.0 = Debug|Any CPU
		{7DF975AB-DAE2-49FA-8AFD-22BE5A550CA9}.Release|Any CPU.ActiveCfg = Release|Any CPU
		{7DF975AB-DAE2-49FA-8AFD-22BE5A550CA9}.Release|Any CPU.Build.0 = Release|Any CPU
		{B6081FC0-49CD-4739-A471-31D1DF51039F}.Debug|Any CPU.ActiveCfg = Debug|Any CPU
		{B6081FC0-49CD-4739-A471-31D1DF51039F}.Debug|Any CPU.Build.0 = Debug|Any CPU
		{B6081FC0-49CD-4739-A471-31D1DF51039F}.Release|Any CPU.ActiveCfg = Release|Any CPU
		{B6081FC0-49CD-4739-A471-31D1DF51039F}.Release|Any CPU.Build.0 = Release|Any CPU
	EndGlobalSection
	GlobalSection(SolutionProperties) = preSolution
		HideSolutionNode = FALSE
	EndGlobalSection
	GlobalSection(ExtensibilityGlobals) = postSolution
		SolutionGuid = {AE141B07-EE2F-4186-8DA1-3B2C7974EDD5}
	EndGlobalSection
EndGlobal
